
Microsoft Visual Studio Solution File, Format Version 12.00
# Visual Studio Version 17
VisualStudioVersion = 17.8.34511.84
MinimumVisualStudioVersion = 10.0.40219.1
Project("{FAE04EC0-301F-11D3-BF4B-00C04F79EFBC}") = "DI_Service_LifeTime", "DI_Service_LifeTime.csproj", "{345384AA-D284-4B06-AB32-F202543FFCBF}"
EndProject
Global
	GlobalSection(SolutionConfigurationPlatforms) = preSolution
		Debug|Any CPU = Debug|Any CPU
		Release|Any CPU = Release|Any CPU
	EndGlobalSection
	GlobalSection(ProjectConfigurationPlatforms) = postSolution
		{345384AA-D284-4B06-AB32-F202543FFCBF}.Debug|Any CPU.ActiveCfg = Debug|Any CPU
		{345384AA-D284-4B06-AB32-F202543FFCBF}.Debug|Any CPU.Build.0 = Debug|Any CPU
		{345384AA-D284-4B06-AB32-F202543FFCBF}.Release|Any CPU.ActiveCfg = Release|Any CPU
		{345384AA-D284-4B06-AB32-F202543FFCBF}.Release|Any CPU.Build.0 = Release|Any CPU
	EndGlobalSection
	GlobalSection(SolutionProperties) = preSolution
		HideSolutionNode = FALSE
	EndGlobalSection
	GlobalSection(ExtensibilityGlobals) = postSolution
		SolutionGuid = {BBCEE403-9514-4890-BA88-11A9D582CD8C}
	EndGlobalSection
EndGlobal
